// !$*UTF8*$!
{
	archiveVersion = 1;
	classes = {
	};
	objectVersion = 50;
	objects = {

/* Begin PBXBuildFile section */
		17AFAFBA2578D23D00019CDD /* AppDelegate.m in Sources */ = {isa = PBXBuildFile; fileRef = 17AFAFB92578D23D00019CDD /* AppDelegate.m */; };
		17AFAFBD2578D23D00019CDD /* SceneDelegate.m in Sources */ = {isa = PBXBuildFile; fileRef = 17AFAFBC2578D23D00019CDD /* SceneDelegate.m */; };
		17AFAFC02578D23D00019CDD /* ViewController.m in Sources */ = {isa = PBXBuildFile; fileRef = 17AFAFBF2578D23D00019CDD /* ViewController.m */; };
		17AFAFC32578D23D00019CDD /* Main.storyboard in Resources */ = {isa = PBXBuildFile; fileRef = 17AFAFC12578D23D00019CDD /* Main.storyboard */; };
		17AFAFC52578D23F00019CDD /* Assets.xcassets in Resources */ = {isa = PBXBuildFile; fileRef = 17AFAFC42578D23F00019CDD /* Assets.xcassets */; };
		17AFAFC82578D23F00019CDD /* LaunchScreen.storyboard in Resources */ = {isa = PBXBuildFile; fileRef = 17AFAFC62578D23F00019CDD /* LaunchScreen.storyboard */; };
		17AFAFCB2578D23F00019CDD /* main.m in Sources */ = {isa = PBXBuildFile; fileRef = 17AFAFCA2578D23F00019CDD /* main.m */; };
		17AFAFD62578D32300019CDD /* AVFoundation.framework in Frameworks */ = {isa = PBXBuildFile; fileRef = 17AFAFD52578D32300019CDD /* AVFoundation.framework */; };
		17AFB02B2578D35600019CDD /* __uniappes6.js in Resources */ = {isa = PBXBuildFile; fileRef = 17AFB0252578D35600019CDD /* __uniappes6.js */; };
		17AFB02C2578D35600019CDD /* uni-jsframework.js in Resources */ = {isa = PBXBuildFile; fileRef = 17AFB0262578D35600019CDD /* uni-jsframework.js */; };
		17AFB02D2578D35600019CDD /* PandoraApi.bundle in Resources */ = {isa = PBXBuildFile; fileRef = 17AFB0272578D35600019CDD /* PandoraApi.bundle */; };
		17AFB02E2578D35600019CDD /* unincomponents.ttf in Resources */ = {isa = PBXBuildFile; fileRef = 17AFB0282578D35600019CDD /* unincomponents.ttf */; };
		17AFB02F2578D35600019CDD /* weex-polyfill.js in Resources */ = {isa = PBXBuildFile; fileRef = 17AFB0292578D35600019CDD /* weex-polyfill.js */; };
		17AFB0302578D35600019CDD /* weexUniJs.js in Resources */ = {isa = PBXBuildFile; fileRef = 17AFB02A2578D35600019CDD /* weexUniJs.js */; };
		17AFB03E2578D38F00019CDD /* storage.framework in Frameworks */ = {isa = PBXBuildFile; fileRef = 17AFB0322578D38F00019CDD /* storage.framework */; };
		17AFB03F2578D38F00019CDD /* liblibNavigator.a in Frameworks */ = {isa = PBXBuildFile; fileRef = 17AFB0332578D38F00019CDD /* liblibNavigator.a */; };
		17AFB0402578D38F00019CDD /* liblibNativeUI.a in Frameworks */ = {isa = PBXBuildFile; fileRef = 17AFB0342578D38F00019CDD /* liblibNativeUI.a */; };
		17AFB0412578D38F00019CDD /* liblibStorage.a in Frameworks */ = {isa = PBXBuildFile; fileRef = 17AFB0352578D38F00019CDD /* liblibStorage.a */; };
		17AFB0422578D38F00019CDD /* liblibWeex.a in Frameworks */ = {isa = PBXBuildFile; fileRef = 17AFB0362578D38F00019CDD /* liblibWeex.a */; };
		17AFB0432578D38F00019CDD /* liblibIO.a in Frameworks */ = {isa = PBXBuildFile; fileRef = 17AFB0372578D38F00019CDD /* liblibIO.a */; };
		17AFB0442578D38F00019CDD /* libcoreSupport.a in Frameworks */ = {isa = PBXBuildFile; fileRef = 17AFB0382578D38F00019CDD /* libcoreSupport.a */; };
		17AFB0452578D38F00019CDD /* liblibPGInvocation.a in Frameworks */ = {isa = PBXBuildFile; fileRef = 17AFB0392578D38F00019CDD /* liblibPGInvocation.a */; };
		17AFB0462578D38F00019CDD /* liblibUI.a in Frameworks */ = {isa = PBXBuildFile; fileRef = 17AFB03A2578D38F00019CDD /* liblibUI.a */; };
		17AFB0472578D38F00019CDD /* liblibPDRCore.a in Frameworks */ = {isa = PBXBuildFile; fileRef = 17AFB03B2578D38F00019CDD /* liblibPDRCore.a */; };
		17AFB0482578D38F00019CDD /* liblibNativeObj.a in Frameworks */ = {isa = PBXBuildFile; fileRef = 17AFB03C2578D38F00019CDD /* liblibNativeObj.a */; };
		17AFB0492578D38F00019CDD /* libSDWebImage.a in Frameworks */ = {isa = PBXBuildFile; fileRef = 17AFB03D2578D38F00019CDD /* libSDWebImage.a */; };
		17AFB04B2578D3C300019CDD /* JavaScriptCore.framework in Frameworks */ = {isa = PBXBuildFile; fileRef = 17AFB04A2578D3C300019CDD /* JavaScriptCore.framework */; };
		17AFB04D2578D3CD00019CDD /* CoreMedia.framework in Frameworks */ = {isa = PBXBuildFile; fileRef = 17AFB04C2578D3CD00019CDD /* CoreMedia.framework */; };
		17AFB04F2578D3D500019CDD /* MediaPlayer.framework in Frameworks */ = {isa = PBXBuildFile; fileRef = 17AFB04E2578D3D500019CDD /* MediaPlayer.framework */; };
		17AFB0512578D3DF00019CDD /* AVKit.framework in Frameworks */ = {isa = PBXBuildFile; fileRef = 17AFB0502578D3DF00019CDD /* AVKit.framework */; };
		17AFB0532578D3E700019CDD /* GLKit.framework in Frameworks */ = {isa = PBXBuildFile; fileRef = 17AFB0522578D3E700019CDD /* GLKit.framework */; };
		17AFB0552578D3EE00019CDD /* OpenGLES.framework in Frameworks */ = {isa = PBXBuildFile; fileRef = 17AFB0542578D3EE00019CDD /* OpenGLES.framework */; };
		17AFB0572578D3F500019CDD /* CoreText.framework in Frameworks */ = {isa = PBXBuildFile; fileRef = 17AFB0562578D3F500019CDD /* CoreText.framework */; };
		17AFB0592578D3FE00019CDD /* QuartzCore.framework in Frameworks */ = {isa = PBXBuildFile; fileRef = 17AFB0582578D3FE00019CDD /* QuartzCore.framework */; };
		17AFB05B2578D40600019CDD /* CoreGraphics.framework in Frameworks */ = {isa = PBXBuildFile; fileRef = 17AFB05A2578D40600019CDD /* CoreGraphics.framework */; };
		17AFB05E2578D41E00019CDD /* QuickLook.framework in Frameworks */ = {isa = PBXBuildFile; fileRef = 17AFB05D2578D41E00019CDD /* QuickLook.framework */; };
		17AFB0602578D42600019CDD /* CoreTelephony.framework in Frameworks */ = {isa = PBXBuildFile; fileRef = 17AFB05F2578D42600019CDD /* CoreTelephony.framework */; };
		17AFB0622578D43000019CDD /* AssetsLibrary.framework in Frameworks */ = {isa = PBXBuildFile; fileRef = 17AFB0612578D43000019CDD /* AssetsLibrary.framework */; };
		17AFB0642578D43700019CDD /* CoreLocation.framework in Frameworks */ = {isa = PBXBuildFile; fileRef = 17AFB0632578D43700019CDD /* CoreLocation.framework */; };
		17AFB0662578D44300019CDD /* AddressBook.framework in Frameworks */ = {isa = PBXBuildFile; fileRef = 17AFB0652578D44300019CDD /* AddressBook.framework */; };
		17AFB0672578D44D00019CDD /* libc++.tbd in Frameworks */ = {isa = PBXBuildFile; fileRef = 17AFB05C2578D41100019CDD /* libc++.tbd */; };
/* End PBXBuildFile section */

/* Begin PBXFileReference section */
		17AFAFB52578D23D00019CDD /* UniMPDemo.app */ = {isa = PBXFileReference; explicitFileType = wrapper.application; includeInIndex = 0; path = UniMPDemo.app; sourceTree = BUILT_PRODUCTS_DIR; };
		17AFAFB82578D23D00019CDD /* AppDelegate.h */ = {isa = PBXFileReference; lastKnownFileType = sourcecode.c.h; path = AppDelegate.h; sourceTree = "<group>"; };
		17AFAFB92578D23D00019CDD /* AppDelegate.m */ = {isa = PBXFileReference; lastKnownFileType = sourcecode.c.objc; path = AppDelegate.m; sourceTree = "<group>"; };
		17AFAFBB2578D23D00019CDD /* SceneDelegate.h */ = {isa = PBXFileReference; lastKnownFileType = sourcecode.c.h; path = SceneDelegate.h; sourceTree = "<group>"; };
		17AFAFBC2578D23D00019CDD /* SceneDelegate.m */ = {isa = PBXFileReference; lastKnownFileType = sourcecode.c.objc; path = SceneDelegate.m; sourceTree = "<group>"; };
		17AFAFBE2578D23D00019CDD /* ViewController.h */ = {isa = PBXFileReference; lastKnownFileType = sourcecode.c.h; path = ViewController.h; sourceTree = "<group>"; };
		17AFAFBF2578D23D00019CDD /* ViewController.m */ = {isa = PBXFileReference; lastKnownFileType = sourcecode.c.objc; path = ViewController.m; sourceTree = "<group>"; };
		17AFAFC22578D23D00019CDD /* Base */ = {isa = PBXFileReference; lastKnownFileType = file.storyboard; name = Base; path = Base.lproj/Main.storyboard; sourceTree = "<group>"; };
		17AFAFC42578D23F00019CDD /* Assets.xcassets */ = {isa = PBXFileReference; lastKnownFileType = folder.assetcatalog; path = Assets.xcassets; sourceTree = "<group>"; };
		17AFAFC72578D23F00019CDD /* Base */ = {isa = PBXFileReference; lastKnownFileType = file.storyboard; name = Base; path = Base.lproj/LaunchScreen.storyboard; sourceTree = "<group>"; };
		17AFAFC92578D23F00019CDD /* Info.plist */ = {isa = PBXFileReference; lastKnownFileType = text.plist.xml; path = Info.plist; sourceTree = "<group>"; };
		17AFAFCA2578D23F00019CDD /* main.m */ = {isa = PBXFileReference; lastKnownFileType = sourcecode.c.objc; path = main.m; sourceTree = "<group>"; };
		17AFAFD52578D32300019CDD /* AVFoundation.framework */ = {isa = PBXFileReference; lastKnownFileType = wrapper.framework; name = AVFoundation.framework; path = System/Library/Frameworks/AVFoundation.framework; sourceTree = SDKROOT; };
		17AFAFD82578D35500019CDD /* DCUniMPSDKEngine.h */ = {isa = PBXFileReference; fileEncoding = 4; lastKnownFileType = sourcecode.c.h; path = DCUniMPSDKEngine.h; sourceTree = "<group>"; };
		17AFAFD92578D35500019CDD /* DCUniMP.h */ = {isa = PBXFileReference; fileEncoding = 4; lastKnownFileType = sourcecode.c.h; path = DCUniMP.h; sourceTree = "<group>"; };
		17AFAFDA2578D35500019CDD /* DCUniMPConfiguration.h */ = {isa = PBXFileReference; fileEncoding = 4; lastKnownFileType = sourcecode.c.h; path = DCUniMPConfiguration.h; sourceTree = "<group>"; };
		17AFAFDB2578D35500019CDD /* DCUniMPInstance.h */ = {isa = PBXFileReference; fileEncoding = 4; lastKnownFileType = sourcecode.c.h; path = DCUniMPInstance.h; sourceTree = "<group>"; };
		17AFAFDD2578D35500019CDD /* WXModuleProtocol.h */ = {isa = PBXFileReference; fileEncoding = 4; lastKnownFileType = sourcecode.c.h; path = WXModuleProtocol.h; sourceTree = "<group>"; };
		17AFAFDE2578D35500019CDD /* WXResourceLoader.h */ = {isa = PBXFileReference; fileEncoding = 4; lastKnownFileType = sourcecode.c.h; path = WXResourceLoader.h; sourceTree = "<group>"; };
		17AFAFDF2578D35500019CDD /* WXApmForInstance.h */ = {isa = PBXFileReference; fileEncoding = 4; lastKnownFileType = sourcecode.c.h; path = WXApmForInstance.h; sourceTree = "<group>"; };
		17AFAFE02578D35500019CDD /* WXWebSocketHandler.h */ = {isa = PBXFileReference; fileEncoding = 4; lastKnownFileType = sourcecode.c.h; path = WXWebSocketHandler.h; sourceTree = "<group>"; };
		17AFAFE12578D35500019CDD /* WXImgLoaderProtocol.h */ = {isa = PBXFileReference; fileEncoding = 4; lastKnownFileType = sourcecode.c.h; path = WXImgLoaderProtocol.h; sourceTree = "<group>"; };
		17AFAFE22578D35500019CDD /* WXComponentManager.h */ = {isa = PBXFileReference; fileEncoding = 4; lastKnownFileType = sourcecode.c.h; path = WXComponentManager.h; sourceTree = "<group>"; };
		17AFAFE32578D35500019CDD /* WXScrollerProtocol.h */ = {isa = PBXFileReference; fileEncoding = 4; lastKnownFileType = sourcecode.c.h; path = WXScrollerProtocol.h; sourceTree = "<group>"; };
		17AFAFE42578D35500019CDD /* WXRichText.h */ = {isa = PBXFileReference; fileEncoding = 4; lastKnownFileType = sourcecode.c.h; path = WXRichText.h; sourceTree = "<group>"; };
		17AFAFE52578D35500019CDD /* WXView.h */ = {isa = PBXFileReference; fileEncoding = 4; lastKnownFileType = sourcecode.c.h; path = WXView.h; sourceTree = "<group>"; };
		17AFAFE62578D35500019CDD /* WXValidateProtocol.h */ = {isa = PBXFileReference; fileEncoding = 4; lastKnownFileType = sourcecode.c.h; path = WXValidateProtocol.h; sourceTree = "<group>"; };
		17AFAFE72578D35500019CDD /* WXDefine.h */ = {isa = PBXFileReference; fileEncoding = 4; lastKnownFileType = sourcecode.c.h; path = WXDefine.h; sourceTree = "<group>"; };
		17AFAFE82578D35500019CDD /* JSContext+Weex.h */ = {isa = PBXFileReference; fileEncoding = 4; lastKnownFileType = sourcecode.c.h; path = "JSContext+Weex.h"; sourceTree = "<group>"; };
		17AFAFE92578D35500019CDD /* WXExtendCallNativeProtocol.h */ = {isa = PBXFileReference; fileEncoding = 4; lastKnownFileType = sourcecode.c.h; path = WXExtendCallNativeProtocol.h; sourceTree = "<group>"; };
		17AFAFEA2578D35500019CDD /* WXSDKEngine.h */ = {isa = PBXFileReference; fileEncoding = 4; lastKnownFileType = sourcecode.c.h; path = WXSDKEngine.h; sourceTree = "<group>"; };
		17AFAFEB2578D35500019CDD /* style.h */ = {isa = PBXFileReference; fileEncoding = 4; lastKnownFileType = sourcecode.c.h; path = style.h; sourceTree = "<group>"; };
		17AFAFEC2578D35500019CDD /* WXResourceRequestHandler.h */ = {isa = PBXFileReference; fileEncoding = 4; lastKnownFileType = sourcecode.c.h; path = WXResourceRequestHandler.h; sourceTree = "<group>"; };
		17AFAFED2578D35500019CDD /* WXDisplayLinkManager.h */ = {isa = PBXFileReference; fileEncoding = 4; lastKnownFileType = sourcecode.c.h; path = WXDisplayLinkManager.h; sourceTree = "<group>"; };
		17AFAFEE2578D35500019CDD /* WXUtility.h */ = {isa = PBXFileReference; fileEncoding = 4; lastKnownFileType = sourcecode.c.h; path = WXUtility.h; sourceTree = "<group>"; };
		17AFAFEF2578D35500019CDD /* WXResourceRequest.h */ = {isa = PBXFileReference; fileEncoding = 4; lastKnownFileType = sourcecode.c.h; path = WXResourceRequest.h; sourceTree = "<group>"; };
		17AFAFF02578D35500019CDD /* WXConvert.h */ = {isa = PBXFileReference; fileEncoding = 4; lastKnownFileType = sourcecode.c.h; path = WXConvert.h; sourceTree = "<group>"; };
		17AFAFF12578D35500019CDD /* WXPageEventNotifyEvent.h */ = {isa = PBXFileReference; fileEncoding = 4; lastKnownFileType = sourcecode.c.h; path = WXPageEventNotifyEvent.h; sourceTree = "<group>"; };
		17AFAFF22578D35500019CDD /* WXSDKInstance.h */ = {isa = PBXFileReference; fileEncoding = 4; lastKnownFileType = sourcecode.c.h; path = WXSDKInstance.h; sourceTree = "<group>"; };
		17AFAFF32578D35500019CDD /* WXSDKManager.h */ = {isa = PBXFileReference; fileEncoding = 4; lastKnownFileType = sourcecode.c.h; path = WXSDKManager.h; sourceTree = "<group>"; };
		17AFAFF42578D35500019CDD /* WXDebugTool.h */ = {isa = PBXFileReference; fileEncoding = 4; lastKnownFileType = sourcecode.c.h; path = WXDebugTool.h; sourceTree = "<group>"; };
		17AFAFF52578D35500019CDD /* WXType.h */ = {isa = PBXFileReference; fileEncoding = 4; lastKnownFileType = sourcecode.c.h; path = WXType.h; sourceTree = "<group>"; };
		17AFAFF62578D35500019CDD /* WXApmProtocol.h */ = {isa = PBXFileReference; fileEncoding = 4; lastKnownFileType = sourcecode.c.h; path = WXApmProtocol.h; sourceTree = "<group>"; };
		17AFAFF72578D35500019CDD /* WXJSFrameworkLoadProtocol.h */ = {isa = PBXFileReference; fileEncoding = 4; lastKnownFileType = sourcecode.c.h; path = WXJSFrameworkLoadProtocol.h; sourceTree = "<group>"; };
		17AFAFF82578D35500019CDD /* WXExceptionUtils.h */ = {isa = PBXFileReference; fileEncoding = 4; lastKnownFileType = sourcecode.c.h; path = WXExceptionUtils.h; sourceTree = "<group>"; };
		17AFAFF92578D35500019CDD /* WXIndicatorComponent.h */ = {isa = PBXFileReference; fileEncoding = 4; lastKnownFileType = sourcecode.c.h; path = WXIndicatorComponent.h; sourceTree = "<group>"; };
		17AFAFFA2578D35500019CDD /* WXErrorView.h */ = {isa = PBXFileReference; fileEncoding = 4; lastKnownFileType = sourcecode.c.h; path = WXErrorView.h; sourceTree = "<group>"; };
		17AFAFFB2578D35500019CDD /* NSObject+WXSwizzle.h */ = {isa = PBXFileReference; fileEncoding = 4; lastKnownFileType = sourcecode.c.h; path = "NSObject+WXSwizzle.h"; sourceTree = "<group>"; };
		17AFAFFC2578D35500019CDD /* WXMonitor.h */ = {isa = PBXFileReference; fileEncoding = 4; lastKnownFileType = sourcecode.c.h; path = WXMonitor.h; sourceTree = "<group>"; };
		17AFAFFD2578D35500019CDD /* WXSDKInstance+DCExtend.h */ = {isa = PBXFileReference; fileEncoding = 4; lastKnownFileType = sourcecode.c.h; path = "WXSDKInstance+DCExtend.h"; sourceTree = "<group>"; };
		17AFAFFE2578D35500019CDD /* WXRecyclerComponent.h */ = {isa = PBXFileReference; fileEncoding = 4; lastKnownFileType = sourcecode.c.h; path = WXRecyclerComponent.h; sourceTree = "<group>"; };
		17AFAFFF2578D35500019CDD /* WXLog.h */ = {isa = PBXFileReference; fileEncoding = 4; lastKnownFileType = sourcecode.c.h; path = WXLog.h; sourceTree = "<group>"; };
		17AFB0002578D35600019CDD /* WXScrollerComponent.h */ = {isa = PBXFileReference; fileEncoding = 4; lastKnownFileType = sourcecode.c.h; path = WXScrollerComponent.h; sourceTree = "<group>"; };
		17AFB0012578D35600019CDD /* WXNetworkProtocol.h */ = {isa = PBXFileReference; fileEncoding = 4; lastKnownFileType = sourcecode.c.h; path = WXNetworkProtocol.h; sourceTree = "<group>"; };
		17AFB0022578D35600019CDD /* WXTracingManager.h */ = {isa = PBXFileReference; fileEncoding = 4; lastKnownFileType = sourcecode.c.h; path = WXTracingManager.h; sourceTree = "<group>"; };
		17AFB0032578D35600019CDD /* WXComponent.h */ = {isa = PBXFileReference; fileEncoding = 4; lastKnownFileType = sourcecode.c.h; path = WXComponent.h; sourceTree = "<group>"; };
		17AFB0042578D35600019CDD /* WXPrerenderManager.h */ = {isa = PBXFileReference; fileEncoding = 4; lastKnownFileType = sourcecode.c.h; path = WXPrerenderManager.h; sourceTree = "<group>"; };
		17AFB0052578D35600019CDD /* WXComponent+Layout.h */ = {isa = PBXFileReference; fileEncoding = 4; lastKnownFileType = sourcecode.c.h; path = "WXComponent+Layout.h"; sourceTree = "<group>"; };
		17AFB0062578D35600019CDD /* layout.h */ = {isa = PBXFileReference; fileEncoding = 4; lastKnownFileType = sourcecode.c.h; path = layout.h; sourceTree = "<group>"; };
		17AFB0072578D35600019CDD /* WXSDKInstance+Bridge.h */ = {isa = PBXFileReference; fileEncoding = 4; lastKnownFileType = sourcecode.c.h; path = "WXSDKInstance+Bridge.h"; sourceTree = "<group>"; };
		17AFB0082578D35600019CDD /* UniPluginProtocol.h */ = {isa = PBXFileReference; fileEncoding = 4; lastKnownFileType = sourcecode.c.h; path = UniPluginProtocol.h; sourceTree = "<group>"; };
		17AFB0092578D35600019CDD /* WXModalUIModule.h */ = {isa = PBXFileReference; fileEncoding = 4; lastKnownFileType = sourcecode.c.h; path = WXModalUIModule.h; sourceTree = "<group>"; };
		17AFB00A2578D35600019CDD /* WXAnalyzerCenter.h */ = {isa = PBXFileReference; fileEncoding = 4; lastKnownFileType = sourcecode.c.h; path = WXAnalyzerCenter.h; sourceTree = "<group>"; };
		17AFB00B2578D35600019CDD /* WXVoiceOverModule.h */ = {isa = PBXFileReference; fileEncoding = 4; lastKnownFileType = sourcecode.c.h; path = WXVoiceOverModule.h; sourceTree = "<group>"; };
		17AFB00C2578D35600019CDD /* WXRootView.h */ = {isa = PBXFileReference; fileEncoding = 4; lastKnownFileType = sourcecode.c.h; path = WXRootView.h; sourceTree = "<group>"; };
		17AFB00D2578D35600019CDD /* WXAppConfiguration.h */ = {isa = PBXFileReference; fileEncoding = 4; lastKnownFileType = sourcecode.c.h; path = WXAppConfiguration.h; sourceTree = "<group>"; };
		17AFB00E2578D35600019CDD /* WXListComponent.h */ = {isa = PBXFileReference; fileEncoding = 4; lastKnownFileType = sourcecode.c.h; path = WXListComponent.h; sourceTree = "<group>"; };
		17AFB00F2578D35600019CDD /* WXSDKError.h */ = {isa = PBXFileReference; fileEncoding = 4; lastKnownFileType = sourcecode.c.h; path = WXSDKError.h; sourceTree = "<group>"; };
		17AFB0102578D35600019CDD /* WXRootViewController.h */ = {isa = PBXFileReference; fileEncoding = 4; lastKnownFileType = sourcecode.c.h; path = WXRootViewController.h; sourceTree = "<group>"; };
		17AFB0112578D35600019CDD /* WXNavigationProtocol.h */ = {isa = PBXFileReference; fileEncoding = 4; lastKnownFileType = sourcecode.c.h; path = WXNavigationProtocol.h; sourceTree = "<group>"; };
		17AFB0122578D35600019CDD /* WXAnalyzerProtocol.h */ = {isa = PBXFileReference; fileEncoding = 4; lastKnownFileType = sourcecode.c.h; path = WXAnalyzerProtocol.h; sourceTree = "<group>"; };
		17AFB0132578D35600019CDD /* WeexSDK.h */ = {isa = PBXFileReference; fileEncoding = 4; lastKnownFileType = sourcecode.c.h; path = WeexSDK.h; sourceTree = "<group>"; };
		17AFB0142578D35600019CDD /* WXBridgeManager.h */ = {isa = PBXFileReference; fileEncoding = 4; lastKnownFileType = sourcecode.c.h; path = WXBridgeManager.h; sourceTree = "<group>"; };
		17AFB0152578D35600019CDD /* WXResourceResponse.h */ = {isa = PBXFileReference; fileEncoding = 4; lastKnownFileType = sourcecode.c.h; path = WXResourceResponse.h; sourceTree = "<group>"; };
		17AFB0162578D35600019CDD /* WXBaseViewController.h */ = {isa = PBXFileReference; fileEncoding = 4; lastKnownFileType = sourcecode.c.h; path = WXBaseViewController.h; sourceTree = "<group>"; };
		17AFB0172578D35600019CDD /* WXAppMonitorProtocol.h */ = {isa = PBXFileReference; fileEncoding = 4; lastKnownFileType = sourcecode.c.h; path = WXAppMonitorProtocol.h; sourceTree = "<group>"; };
		17AFB0182578D35600019CDD /* WeexProtocol.h */ = {isa = PBXFileReference; fileEncoding = 4; lastKnownFileType = sourcecode.c.h; path = WeexProtocol.h; sourceTree = "<group>"; };
		17AFB0192578D35600019CDD /* WXJSExceptionProtocol.h */ = {isa = PBXFileReference; fileEncoding = 4; lastKnownFileType = sourcecode.c.h; path = WXJSExceptionProtocol.h; sourceTree = "<group>"; };
		17AFB01A2578D35600019CDD /* WXJSExceptionInfo.h */ = {isa = PBXFileReference; fileEncoding = 4; lastKnownFileType = sourcecode.c.h; path = WXJSExceptionInfo.h; sourceTree = "<group>"; };
		17AFB01B2578D35600019CDD /* WXTracingProtocol.h */ = {isa = PBXFileReference; fileEncoding = 4; lastKnownFileType = sourcecode.c.h; path = WXTracingProtocol.h; sourceTree = "<group>"; };
		17AFB01C2578D35600019CDD /* flex_enum.h */ = {isa = PBXFileReference; fileEncoding = 4; lastKnownFileType = sourcecode.c.h; path = flex_enum.h; sourceTree = "<group>"; };
		17AFB01D2578D35600019CDD /* WXConfigCenterProtocol.h */ = {isa = PBXFileReference; fileEncoding = 4; lastKnownFileType = sourcecode.c.h; path = WXConfigCenterProtocol.h; sourceTree = "<group>"; };
		17AFB01E2578D35600019CDD /* WXEventModuleProtocol.h */ = {isa = PBXFileReference; fileEncoding = 4; lastKnownFileType = sourcecode.c.h; path = WXEventModuleProtocol.h; sourceTree = "<group>"; };
		17AFB01F2578D35600019CDD /* WXURLRewriteProtocol.h */ = {isa = PBXFileReference; fileEncoding = 4; lastKnownFileType = sourcecode.c.h; path = WXURLRewriteProtocol.h; sourceTree = "<group>"; };
		17AFB0202578D35600019CDD /* WXAComponent.h */ = {isa = PBXFileReference; fileEncoding = 4; lastKnownFileType = sourcecode.c.h; path = WXAComponent.h; sourceTree = "<group>"; };
		17AFB0212578D35600019CDD /* WXBridgeProtocol.h */ = {isa = PBXFileReference; fileEncoding = 4; lastKnownFileType = sourcecode.c.h; path = WXBridgeProtocol.h; sourceTree = "<group>"; };
		17AFB0222578D35600019CDD /* DCUniMPError.h */ = {isa = PBXFileReference; fileEncoding = 4; lastKnownFileType = sourcecode.c.h; path = DCUniMPError.h; sourceTree = "<group>"; };
		17AFB0232578D35600019CDD /* DCUniMPMenuActionSheetStyle.h */ = {isa = PBXFileReference; fileEncoding = 4; lastKnownFileType = sourcecode.c.h; path = DCUniMPMenuActionSheetStyle.h; sourceTree = "<group>"; };
		17AFB0252578D35600019CDD /* __uniappes6.js */ = {isa = PBXFileReference; fileEncoding = 4; lastKnownFileType = sourcecode.javascript; path = __uniappes6.js; sourceTree = "<group>"; };
		17AFB0262578D35600019CDD /* uni-jsframework.js */ = {isa = PBXFileReference; fileEncoding = 4; lastKnownFileType = sourcecode.javascript; path = "uni-jsframework.js"; sourceTree = "<group>"; };
		17AFB0272578D35600019CDD /* PandoraApi.bundle */ = {isa = PBXFileReference; lastKnownFileType = "wrapper.plug-in"; path = PandoraApi.bundle; sourceTree = "<group>"; };
		17AFB0282578D35600019CDD /* unincomponents.ttf */ = {isa = PBXFileReference; lastKnownFileType = file; path = unincomponents.ttf; sourceTree = "<group>"; };
		17AFB0292578D35600019CDD /* weex-polyfill.js */ = {isa = PBXFileReference; fileEncoding = 4; lastKnownFileType = sourcecode.javascript; path = "weex-polyfill.js"; sourceTree = "<group>"; };
		17AFB02A2578D35600019CDD /* weexUniJs.js */ = {isa = PBXFileReference; fileEncoding = 4; lastKnownFileType = sourcecode.javascript; path = weexUniJs.js; sourceTree = "<group>"; };
		17AFB0322578D38F00019CDD /* storage.framework */ = {isa = PBXFileReference; lastKnownFileType = wrapper.framework; name = storage.framework; path = Core/Libs/storage.framework; sourceTree = "<group>"; };
		17AFB0332578D38F00019CDD /* liblibNavigator.a */ = {isa = PBXFileReference; lastKnownFileType = archive.ar; name = liblibNavigator.a; path = Core/Libs/liblibNavigator.a; sourceTree = "<group>"; };
		17AFB0342578D38F00019CDD /* liblibNativeUI.a */ = {isa = PBXFileReference; lastKnownFileType = archive.ar; name = liblibNativeUI.a; path = Core/Libs/liblibNativeUI.a; sourceTree = "<group>"; };
		17AFB0352578D38F00019CDD /* liblibStorage.a */ = {isa = PBXFileReference; lastKnownFileType = archive.ar; name = liblibStorage.a; path = Core/Libs/liblibStorage.a; sourceTree = "<group>"; };
		17AFB0362578D38F00019CDD /* liblibWeex.a */ = {isa = PBXFileReference; lastKnownFileType = archive.ar; name = liblibWeex.a; path = Core/Libs/liblibWeex.a; sourceTree = "<group>"; };
		17AFB0372578D38F00019CDD /* liblibIO.a */ = {isa = PBXFileReference; lastKnownFileType = archive.ar; name = liblibIO.a; path = Core/Libs/liblibIO.a; sourceTree = "<group>"; };
		17AFB0382578D38F00019CDD /* libcoreSupport.a */ = {isa = PBXFileReference; lastKnownFileType = archive.ar; name = libcoreSupport.a; path = Core/Libs/libcoreSupport.a; sourceTree = "<group>"; };
		17AFB0392578D38F00019CDD /* liblibPGInvocation.a */ = {isa = PBXFileReference; lastKnownFileType = archive.ar; name = liblibPGInvocation.a; path = Core/Libs/liblibPGInvocation.a; sourceTree = "<group>"; };
		17AFB03A2578D38F00019CDD /* liblibUI.a */ = {isa = PBXFileReference; lastKnownFileType = archive.ar; name = liblibUI.a; path = Core/Libs/liblibUI.a; sourceTree = "<group>"; };
		17AFB03B2578D38F00019CDD /* liblibPDRCore.a */ = {isa = PBXFileReference; lastKnownFileType = archive.ar; name = liblibPDRCore.a; path = Core/Libs/liblibPDRCore.a; sourceTree = "<group>"; };
		17AFB03C2578D38F00019CDD /* liblibNativeObj.a */ = {isa = PBXFileReference; lastKnownFileType = archive.ar; name = liblibNativeObj.a; path = Core/Libs/liblibNativeObj.a; sourceTree = "<group>"; };
		17AFB03D2578D38F00019CDD /* libSDWebImage.a */ = {isa = PBXFileReference; lastKnownFileType = archive.ar; name = libSDWebImage.a; path = Core/Libs/libSDWebImage.a; sourceTree = "<group>"; };
		17AFB04A2578D3C300019CDD /* JavaScriptCore.framework */ = {isa = PBXFileReference; lastKnownFileType = wrapper.framework; name = JavaScriptCore.framework; path = System/Library/Frameworks/JavaScriptCore.framework; sourceTree = SDKROOT; };
		17AFB04C2578D3CD00019CDD /* CoreMedia.framework */ = {isa = PBXFileReference; lastKnownFileType = wrapper.framework; name = CoreMedia.framework; path = System/Library/Frameworks/CoreMedia.framework; sourceTree = SDKROOT; };
		17AFB04E2578D3D500019CDD /* MediaPlayer.framework */ = {isa = PBXFileReference; lastKnownFileType = wrapper.framework; name = MediaPlayer.framework; path = System/Library/Frameworks/MediaPlayer.framework; sourceTree = SDKROOT; };
		17AFB0502578D3DF00019CDD /* AVKit.framework */ = {isa = PBXFileReference; lastKnownFileType = wrapper.framework; name = AVKit.framework; path = System/Library/Frameworks/AVKit.framework; sourceTree = SDKROOT; };
		17AFB0522578D3E700019CDD /* GLKit.framework */ = {isa = PBXFileReference; lastKnownFileType = wrapper.framework; name = GLKit.framework; path = System/Library/Frameworks/GLKit.framework; sourceTree = SDKROOT; };
		17AFB0542578D3EE00019CDD /* OpenGLES.framework */ = {isa = PBXFileReference; lastKnownFileType = wrapper.framework; name = OpenGLES.framework; path = System/Library/Frameworks/OpenGLES.framework; sourceTree = SDKROOT; };
		17AFB0562578D3F500019CDD /* CoreText.framework */ = {isa = PBXFileReference; lastKnownFileType = wrapper.framework; name = CoreText.framework; path = System/Library/Frameworks/CoreText.framework; sourceTree = SDKROOT; };
		17AFB0582578D3FE00019CDD /* QuartzCore.framework */ = {isa = PBXFileReference; lastKnownFileType = wrapper.framework; name = QuartzCore.framework; path = System/Library/Frameworks/QuartzCore.framework; sourceTree = SDKROOT; };
		17AFB05A2578D40600019CDD /* CoreGraphics.framework */ = {isa = PBXFileReference; lastKnownFileType = wrapper.framework; name = CoreGraphics.framework; path = System/Library/Frameworks/CoreGraphics.framework; sourceTree = SDKROOT; };
		17AFB05C2578D41100019CDD /* libc++.tbd */ = {isa = PBXFileReference; lastKnownFileType = "sourcecode.text-based-dylib-definition"; name = "libc++.tbd"; path = "usr/lib/libc++.tbd"; sourceTree = SDKROOT; };
		17AFB05D2578D41E00019CDD /* QuickLook.framework */ = {isa = PBXFileReference; lastKnownFileType = wrapper.framework; name = QuickLook.framework; path = System/Library/Frameworks/QuickLook.framework; sourceTree = SDKROOT; };
		17AFB05F2578D42600019CDD /* CoreTelephony.framework */ = {isa = PBXFileReference; lastKnownFileType = wrapper.framework; name = CoreTelephony.framework; path = System/Library/Frameworks/CoreTelephony.framework; sourceTree = SDKROOT; };
		17AFB0612578D43000019CDD /* AssetsLibrary.framework */ = {isa = PBXFileReference; lastKnownFileType = wrapper.framework; name = AssetsLibrary.framework; path = System/Library/Frameworks/AssetsLibrary.framework; sourceTree = SDKROOT; };
		17AFB0632578D43700019CDD /* CoreLocation.framework */ = {isa = PBXFileReference; lastKnownFileType = wrapper.framework; name = CoreLocation.framework; path = System/Library/Frameworks/CoreLocation.framework; sourceTree = SDKROOT; };
		17AFB0652578D44300019CDD /* AddressBook.framework */ = {isa = PBXFileReference; lastKnownFileType = wrapper.framework; name = AddressBook.framework; path = System/Library/Frameworks/AddressBook.framework; sourceTree = SDKROOT; };
/* End PBXFileReference section */

/* Begin PBXFrameworksBuildPhase section */
		17AFAFB22578D23D00019CDD /* Frameworks */ = {
			isa = PBXFrameworksBuildPhase;
			buildActionMask = 2147483647;
			files = (
				17AFB0422578D38F00019CDD /* liblibWeex.a in Frameworks */,
				17AFB0512578D3DF00019CDD /* AVKit.framework in Frameworks */,
				17AFB0642578D43700019CDD /* CoreLocation.framework in Frameworks */,
				17AFB0592578D3FE00019CDD /* QuartzCore.framework in Frameworks */,
				17AFB0462578D38F00019CDD /* liblibUI.a in Frameworks */,
				17AFB0602578D42600019CDD /* CoreTelephony.framework in Frameworks */,
				17AFB0472578D38F00019CDD /* liblibPDRCore.a in Frameworks */,
				17AFB03F2578D38F00019CDD /* liblibNavigator.a in Frameworks */,
				17AFB0492578D38F00019CDD /* libSDWebImage.a in Frameworks */,
				17AFB0552578D3EE00019CDD /* OpenGLES.framework in Frameworks */,
				17AFB0622578D43000019CDD /* AssetsLibrary.framework in Frameworks */,
				17AFB03E2578D38F00019CDD /* storage.framework in Frameworks */,
				17AFB04B2578D3C300019CDD /* JavaScriptCore.framework in Frameworks */,
				17AFB0452578D38F00019CDD /* liblibPGInvocation.a in Frameworks */,
				17AFB0432578D38F00019CDD /* liblibIO.a in Frameworks */,
				17AFB05E2578D41E00019CDD /* QuickLook.framework in Frameworks */,
				17AFB0532578D3E700019CDD /* GLKit.framework in Frameworks */,
				17AFB0572578D3F500019CDD /* CoreText.framework in Frameworks */,
				17AFB0662578D44300019CDD /* AddressBook.framework in Frameworks */,
				17AFB04D2578D3CD00019CDD /* CoreMedia.framework in Frameworks */,
				17AFB0442578D38F00019CDD /* libcoreSupport.a in Frameworks */,
				17AFB0482578D38F00019CDD /* liblibNativeObj.a in Frameworks */,
				17AFB0672578D44D00019CDD /* libc++.tbd in Frameworks */,
				17AFB0402578D38F00019CDD /* liblibNativeUI.a in Frameworks */,
				17AFAFD62578D32300019CDD /* AVFoundation.framework in Frameworks */,
				17AFB04F2578D3D500019CDD /* MediaPlayer.framework in Frameworks */,
				17AFB05B2578D40600019CDD /* CoreGraphics.framework in Frameworks */,
				17AFB0412578D38F00019CDD /* liblibStorage.a in Frameworks */,
			);
			runOnlyForDeploymentPostprocessing = 0;
		};
/* End PBXFrameworksBuildPhase section */

/* Begin PBXGroup section */
		17AFAFAC2578D23D00019CDD = {
			isa = PBXGroup;
			children = (
				17AFAFB72578D23D00019CDD /* UniMPDemo */,
				17AFAFB62578D23D00019CDD /* Products */,
				17AFAFD42578D32300019CDD /* Frameworks */,
			);
			sourceTree = "<group>";
		};
		17AFAFB62578D23D00019CDD /* Products */ = {
			isa = PBXGroup;
			children = (
				17AFAFB52578D23D00019CDD /* UniMPDemo.app */,
			);
			name = Products;
			sourceTree = "<group>";
		};
		17AFAFB72578D23D00019CDD /* UniMPDemo */ = {
			isa = PBXGroup;
			children = (
				17AFAFD32578D30300019CDD /* Sources */,
				17AFAFB82578D23D00019CDD /* AppDelegate.h */,
				17AFAFB92578D23D00019CDD /* AppDelegate.m */,
				17AFAFBB2578D23D00019CDD /* SceneDelegate.h */,
				17AFAFBC2578D23D00019CDD /* SceneDelegate.m */,
				17AFAFBE2578D23D00019CDD /* ViewController.h */,
				17AFAFBF2578D23D00019CDD /* ViewController.m */,
				17AFAFC12578D23D00019CDD /* Main.storyboard */,
				17AFAFC42578D23F00019CDD /* Assets.xcassets */,
				17AFAFC62578D23F00019CDD /* LaunchScreen.storyboard */,
				17AFAFC92578D23F00019CDD /* Info.plist */,
				17AFAFCA2578D23F00019CDD /* main.m */,
			);
			path = UniMPDemo;
			sourceTree = "<group>";
		};
		17AFAFD32578D30300019CDD /* Sources */ = {
			isa = PBXGroup;
			children = (
				17AFAFD72578D35500019CDD /* Headers */,
				17AFB0242578D35600019CDD /* Resources */,
			);
			path = Sources;
			sourceTree = "<group>";
		};
		17AFAFD42578D32300019CDD /* Frameworks */ = {
			isa = PBXGroup;
			children = (
				17AFB0652578D44300019CDD /* AddressBook.framework */,
				17AFB0632578D43700019CDD /* CoreLocation.framework */,
				17AFB0612578D43000019CDD /* AssetsLibrary.framework */,
				17AFB05F2578D42600019CDD /* CoreTelephony.framework */,
				17AFB05D2578D41E00019CDD /* QuickLook.framework */,
				17AFB05C2578D41100019CDD /* libc++.tbd */,
				17AFB05A2578D40600019CDD /* CoreGraphics.framework */,
				17AFB0582578D3FE00019CDD /* QuartzCore.framework */,
				17AFB0562578D3F500019CDD /* CoreText.framework */,
				17AFB0542578D3EE00019CDD /* OpenGLES.framework */,
				17AFB0522578D3E700019CDD /* GLKit.framework */,
				17AFB0502578D3DF00019CDD /* AVKit.framework */,
				17AFB04E2578D3D500019CDD /* MediaPlayer.framework */,
				17AFB04C2578D3CD00019CDD /* CoreMedia.framework */,
				17AFB04A2578D3C300019CDD /* JavaScriptCore.framework */,
				17AFB0382578D38F00019CDD /* libcoreSupport.a */,
				17AFB0372578D38F00019CDD /* liblibIO.a */,
				17AFB03C2578D38F00019CDD /* liblibNativeObj.a */,
				17AFB0342578D38F00019CDD /* liblibNativeUI.a */,
				17AFB0332578D38F00019CDD /* liblibNavigator.a */,
				17AFB03B2578D38F00019CDD /* liblibPDRCore.a */,
				17AFB0392578D38F00019CDD /* liblibPGInvocation.a */,
				17AFB0352578D38F00019CDD /* liblibStorage.a */,
				17AFB03A2578D38F00019CDD /* liblibUI.a */,
				17AFB0362578D38F00019CDD /* liblibWeex.a */,
				17AFB03D2578D38F00019CDD /* libSDWebImage.a */,
				17AFB0322578D38F00019CDD /* storage.framework */,
				17AFAFD52578D32300019CDD /* AVFoundation.framework */,
			);
			name = Frameworks;
			sourceTree = "<group>";
		};
		17AFAFD72578D35500019CDD /* Headers */ = {
			isa = PBXGroup;
			children = (
				17AFAFD82578D35500019CDD /* DCUniMPSDKEngine.h */,
				17AFAFD92578D35500019CDD /* DCUniMP.h */,
				17AFAFDA2578D35500019CDD /* DCUniMPConfiguration.h */,
				17AFAFDB2578D35500019CDD /* DCUniMPInstance.h */,
				17AFAFDC2578D35500019CDD /* weexHeader */,
				17AFB0222578D35600019CDD /* DCUniMPError.h */,
				17AFB0232578D35600019CDD /* DCUniMPMenuActionSheetStyle.h */,
			);
			name = Headers;
			path = Core/Headers;
			sourceTree = SOURCE_ROOT;
		};
		17AFAFDC2578D35500019CDD /* weexHeader */ = {
			isa = PBXGroup;
			children = (
				17AFAFDD2578D35500019CDD /* WXModuleProtocol.h */,
				17AFAFDE2578D35500019CDD /* WXResourceLoader.h */,
				17AFAFDF2578D35500019CDD /* WXApmForInstance.h */,
				17AFAFE02578D35500019CDD /* WXWebSocketHandler.h */,
				17AFAFE12578D35500019CDD /* WXImgLoaderProtocol.h */,
				17AFAFE22578D35500019CDD /* WXComponentManager.h */,
				17AFAFE32578D35500019CDD /* WXScrollerProtocol.h */,
				17AFAFE42578D35500019CDD /* WXRichText.h */,
				17AFAFE52578D35500019CDD /* WXView.h */,
				17AFAFE62578D35500019CDD /* WXValidateProtocol.h */,
				17AFAFE72578D35500019CDD /* WXDefine.h */,
				17AFAFE82578D35500019CDD /* JSContext+Weex.h */,
				17AFAFE92578D35500019CDD /* WXExtendCallNativeProtocol.h */,
				17AFAFEA2578D35500019CDD /* WXSDKEngine.h */,
				17AFAFEB2578D35500019CDD /* style.h */,
				17AFAFEC2578D35500019CDD /* WXResourceRequestHandler.h */,
				17AFAFED2578D35500019CDD /* WXDisplayLinkManager.h */,
				17AFAFEE2578D35500019CDD /* WXUtility.h */,
				17AFAFEF2578D35500019CDD /* WXResourceRequest.h */,
				17AFAFF02578D35500019CDD /* WXConvert.h */,
				17AFAFF12578D35500019CDD /* WXPageEventNotifyEvent.h */,
				17AFAFF22578D35500019CDD /* WXSDKInstance.h */,
				17AFAFF32578D35500019CDD /* WXSDKManager.h */,
				17AFAFF42578D35500019CDD /* WXDebugTool.h */,
				17AFAFF52578D35500019CDD /* WXType.h */,
				17AFAFF62578D35500019CDD /* WXApmProtocol.h */,
				17AFAFF72578D35500019CDD /* WXJSFrameworkLoadProtocol.h */,
				17AFAFF82578D35500019CDD /* WXExceptionUtils.h */,
				17AFAFF92578D35500019CDD /* WXIndicatorComponent.h */,
				17AFAFFA2578D35500019CDD /* WXErrorView.h */,
				17AFAFFB2578D35500019CDD /* NSObject+WXSwizzle.h */,
				17AFAFFC2578D35500019CDD /* WXMonitor.h */,
				17AFAFFD2578D35500019CDD /* WXSDKInstance+DCExtend.h */,
				17AFAFFE2578D35500019CDD /* WXRecyclerComponent.h */,
				17AFAFFF2578D35500019CDD /* WXLog.h */,
				17AFB0002578D35600019CDD /* WXScrollerComponent.h */,
				17AFB0012578D35600019CDD /* WXNetworkProtocol.h */,
				17AFB0022578D35600019CDD /* WXTracingManager.h */,
				17AFB0032578D35600019CDD /* WXComponent.h */,
				17AFB0042578D35600019CDD /* WXPrerenderManager.h */,
				17AFB0052578D35600019CDD /* WXComponent+Layout.h */,
				17AFB0062578D35600019CDD /* layout.h */,
				17AFB0072578D35600019CDD /* WXSDKInstance+Bridge.h */,
				17AFB0082578D35600019CDD /* UniPluginProtocol.h */,
				17AFB0092578D35600019CDD /* WXModalUIModule.h */,
				17AFB00A2578D35600019CDD /* WXAnalyzerCenter.h */,
				17AFB00B2578D35600019CDD /* WXVoiceOverModule.h */,
				17AFB00C2578D35600019CDD /* WXRootView.h */,
				17AFB00D2578D35600019CDD /* WXAppConfiguration.h */,
				17AFB00E2578D35600019CDD /* WXListComponent.h */,
				17AFB00F2578D35600019CDD /* WXSDKError.h */,
				17AFB0102578D35600019CDD /* WXRootViewController.h */,
				17AFB0112578D35600019CDD /* WXNavigationProtocol.h */,
				17AFB0122578D35600019CDD /* WXAnalyzerProtocol.h */,
				17AFB0132578D35600019CDD /* WeexSDK.h */,
				17AFB0142578D35600019CDD /* WXBridgeManager.h */,
				17AFB0152578D35600019CDD /* WXResourceResponse.h */,
				17AFB0162578D35600019CDD /* WXBaseViewController.h */,
				17AFB0172578D35600019CDD /* WXAppMonitorProtocol.h */,
				17AFB0182578D35600019CDD /* WeexProtocol.h */,
				17AFB0192578D35600019CDD /* WXJSExceptionProtocol.h */,
				17AFB01A2578D35600019CDD /* WXJSExceptionInfo.h */,
				17AFB01B2578D35600019CDD /* WXTracingProtocol.h */,
				17AFB01C2578D35600019CDD /* flex_enum.h */,
				17AFB01D2578D35600019CDD /* WXConfigCenterProtocol.h */,
				17AFB01E2578D35600019CDD /* WXEventModuleProtocol.h */,
				17AFB01F2578D35600019CDD /* WXURLRewriteProtocol.h */,
				17AFB0202578D35600019CDD /* WXAComponent.h */,
				17AFB0212578D35600019CDD /* WXBridgeProtocol.h */,
			);
			path = weexHeader;
			sourceTree = "<group>";
		};
		17AFB0242578D35600019CDD /* Resources */ = {
			isa = PBXGroup;
			children = (
				17AFB0252578D35600019CDD /* __uniappes6.js */,
				17AFB0262578D35600019CDD /* uni-jsframework.js */,
				17AFB0272578D35600019CDD /* PandoraApi.bundle */,
				17AFB0282578D35600019CDD /* unincomponents.ttf */,
				17AFB0292578D35600019CDD /* weex-polyfill.js */,
				17AFB02A2578D35600019CDD /* weexUniJs.js */,
			);
			name = Resources;
			path = Core/Resources;
			sourceTree = SOURCE_ROOT;
		};
/* End PBXGroup section */

/* Begin PBXNativeTarget section */
		17AFAFB42578D23D00019CDD /* UniMPDemo */ = {
			isa = PBXNativeTarget;
			buildConfigurationList = 17AFAFCE2578D23F00019CDD /* Build configuration list for PBXNativeTarget "UniMPDemo" */;
			buildPhases = (
				17AFAFB12578D23D00019CDD /* Sources */,
				17AFAFB22578D23D00019CDD /* Frameworks */,
				17AFAFB32578D23D00019CDD /* Resources */,
			);
			buildRules = (
			);
			dependencies = (
			);
			name = UniMPDemo;
			productName = UniMPDemo;
			productReference = 17AFAFB52578D23D00019CDD /* UniMPDemo.app */;
			productType = "com.apple.product-type.application";
		};
/* End PBXNativeTarget section */

/* Begin PBXProject section */
		17AFAFAD2578D23D00019CDD /* Project object */ = {
			isa = PBXProject;
			attributes = {
				LastUpgradeCheck = 1220;
				TargetAttributes = {
					17AFAFB42578D23D00019CDD = {
						CreatedOnToolsVersion = 12.2;
					};
				};
			};
			buildConfigurationList = 17AFAFB02578D23D00019CDD /* Build configuration list for PBXProject "UniMPDemo" */;
			compatibilityVersion = "Xcode 9.3";
			developmentRegion = en;
			hasScannedForEncodings = 0;
			knownRegions = (
				en,
				Base,
			);
			mainGroup = 17AFAFAC2578D23D00019CDD;
			productRefGroup = 17AFAFB62578D23D00019CDD /* Products */;
			projectDirPath = "";
			projectRoot = "";
			targets = (
				17AFAFB42578D23D00019CDD /* UniMPDemo */,
			);
		};
/* End PBXProject section */

/* Begin PBXResourcesBuildPhase section */
		17AFAFB32578D23D00019CDD /* Resources */ = {
			isa = PBXResourcesBuildPhase;
			buildActionMask = 2147483647;
			files = (
				17AFB02D2578D35600019CDD /* PandoraApi.bundle in Resources */,
				17AFAFC82578D23F00019CDD /* LaunchScreen.storyboard in Resources */,
				17AFB0302578D35600019CDD /* weexUniJs.js in Resources */,
				17AFAFC52578D23F00019CDD /* Assets.xcassets in Resources */,
				17AFB02E2578D35600019CDD /* unincomponents.ttf in Resources */,
				17AFB02F2578D35600019CDD /* weex-polyfill.js in Resources */,
				17AFB02C2578D35600019CDD /* uni-jsframework.js in Resources */,
				17AFB02B2578D35600019CDD /* __uniappes6.js in Resources */,
				17AFAFC32578D23D00019CDD /* Main.storyboard in Resources */,
			);
			runOnlyForDeploymentPostprocessing = 0;
		};
/* End PBXResourcesBuildPhase section */

/* Begin PBXSourcesBuildPhase section */
		17AFAFB12578D23D00019CDD /* Sources */ = {
			isa = PBXSourcesBuildPhase;
			buildActionMask = 2147483647;
			files = (
				17AFAFC02578D23D00019CDD /* ViewController.m in Sources */,
				17AFAFBA2578D23D00019CDD /* AppDelegate.m in Sources */,
				17AFAFCB2578D23F00019CDD /* main.m in Sources */,
				17AFAFBD2578D23D00019CDD /* SceneDelegate.m in Sources */,
			);
			runOnlyForDeploymentPostprocessing = 0;
		};
/* End PBXSourcesBuildPhase section */

/* Begin PBXVariantGroup section */
		17AFAFC12578D23D00019CDD /* Main.storyboard */ = {
			isa = PBXVariantGroup;
			children = (
				17AFAFC22578D23D00019CDD /* Base */,
			);
			name = Main.storyboard;
			sourceTree = "<group>";
		};
		17AFAFC62578D23F00019CDD /* LaunchScreen.storyboard */ = {
			isa = PBXVariantGroup;
			children = (
				17AFAFC72578D23F00019CDD /* Base */,
			);
			name = LaunchScreen.storyboard;
			sourceTree = "<group>";
		};
/* End PBXVariantGroup section */

/* Begin XCBuildConfiguration section */
		17AFAFCC2578D23F00019CDD /* Debug */ = {
			isa = XCBuildConfiguration;
			buildSettings = {
				ALWAYS_SEARCH_USER_PATHS = NO;
				CLANG_ANALYZER_NONNULL = YES;
				CLANG_ANALYZER_NUMBER_OBJECT_CONVERSION = YES_AGGRESSIVE;
				CLANG_CXX_LANGUAGE_STANDARD = "gnu++14";
				CLANG_CXX_LIBRARY = "libc++";
				CLANG_ENABLE_MODULES = YES;
				CLANG_ENABLE_OBJC_ARC = YES;
				CLANG_ENABLE_OBJC_WEAK = YES;
				CLANG_WARN_BLOCK_CAPTURE_AUTORELEASING = YES;
				CLANG_WARN_BOOL_CONVERSION = YES;
				CLANG_WARN_COMMA = YES;
				CLANG_WARN_CONSTANT_CONVERSION = YES;
				CLANG_WARN_DEPRECATED_OBJC_IMPLEMENTATIONS = YES;
				CLANG_WARN_DIRECT_OBJC_ISA_USAGE = YES_ERROR;
				CLANG_WARN_DOCUMENTATION_COMMENTS = YES;
				CLANG_WARN_EMPTY_BODY = YES;
				CLANG_WARN_ENUM_CONVERSION = YES;
				CLANG_WARN_INFINITE_RECURSION = YES;
				CLANG_WARN_INT_CONVERSION = YES;
				CLANG_WARN_NON_LITERAL_NULL_CONVERSION = YES;
				CLANG_WARN_OBJC_IMPLICIT_RETAIN_SELF = YES;
				CLANG_WARN_OBJC_LITERAL_CONVERSION = YES;
				CLANG_WARN_OBJC_ROOT_CLASS = YES_ERROR;
				CLANG_WARN_QUOTED_INCLUDE_IN_FRAMEWORK_HEADER = YES;
				CLANG_WARN_RANGE_LOOP_ANALYSIS = YES;
				CLANG_WARN_STRICT_PROTOTYPES = YES;
				CLANG_WARN_SUSPICIOUS_MOVE = YES;
				CLANG_WARN_UNGUARDED_AVAILABILITY = YES_AGGRESSIVE;
				CLANG_WARN_UNREACHABLE_CODE = YES;
				CLANG_WARN__DUPLICATE_METHOD_MATCH = YES;
				COPY_PHASE_STRIP = NO;
				DEBUG_INFORMATION_FORMAT = dwarf;
				ENABLE_STRICT_OBJC_MSGSEND = YES;
				ENABLE_TESTABILITY = YES;
				GCC_C_LANGUAGE_STANDARD = gnu11;
				GCC_DYNAMIC_NO_PIC = NO;
				GCC_NO_COMMON_BLOCKS = YES;
				GCC_OPTIMIZATION_LEVEL = 0;
				GCC_PREPROCESSOR_DEFINITIONS = (
					"DEBUG=1",
					"$(inherited)",
				);
				GCC_WARN_64_TO_32_BIT_CONVERSION = YES;
				GCC_WARN_ABOUT_RETURN_TYPE = YES_ERROR;
				GCC_WARN_UNDECLARED_SELECTOR = YES;
				GCC_WARN_UNINITIALIZED_AUTOS = YES_AGGRESSIVE;
				GCC_WARN_UNUSED_FUNCTION = YES;
				GCC_WARN_UNUSED_VARIABLE = YES;
				IPHONEOS_DEPLOYMENT_TARGET = 14.2;
				MTL_ENABLE_DEBUG_INFO = INCLUDE_SOURCE;
				MTL_FAST_MATH = YES;
				ONLY_ACTIVE_ARCH = YES;
				SDKROOT = iphoneos;
			};
			name = Debug;
		};
		17AFAFCD2578D23F00019CDD /* Release */ = {
			isa = XCBuildConfiguration;
			buildSettings = {
				ALWAYS_SEARCH_USER_PATHS = NO;
				CLANG_ANALYZER_NONNULL = YES;
				CLANG_ANALYZER_NUMBER_OBJECT_CONVERSION = YES_AGGRESSIVE;
				CLANG_CXX_LANGUAGE_STANDARD = "gnu++14";
				CLANG_CXX_LIBRARY = "libc++";
				CLANG_ENABLE_MODULES = YES;
				CLANG_ENABLE_OBJC_ARC = YES;
				CLANG_ENABLE_OBJC_WEAK = YES;
				CLANG_WARN_BLOCK_CAPTURE_AUTORELEASING = YES;
				CLANG_WARN_BOOL_CONVERSION = YES;
				CLANG_WARN_COMMA = YES;
				CLANG_WARN_CONSTANT_CONVERSION = YES;
				CLANG_WARN_DEPRECATED_OBJC_IMPLEMENTATIONS = YES;
				CLANG_WARN_DIRECT_OBJC_ISA_USAGE = YES_ERROR;
				CLANG_WARN_DOCUMENTATION_COMMENTS = YES;
				CLANG_WARN_EMPTY_BODY = YES;
				CLANG_WARN_ENUM_CONVERSION = YES;
				CLANG_WARN_INFINITE_RECURSION = YES;
				CLANG_WARN_INT_CONVERSION = YES;
				CLANG_WARN_NON_LITERAL_NULL_CONVERSION = YES;
				CLANG_WARN_OBJC_IMPLICIT_RETAIN_SELF = YES;
				CLANG_WARN_OBJC_LITERAL_CONVERSION = YES;
				CLANG_WARN_OBJC_ROOT_CLASS = YES_ERROR;
				CLANG_WARN_QUOTED_INCLUDE_IN_FRAMEWORK_HEADER = YES;
				CLANG_WARN_RANGE_LOOP_ANALYSIS = YES;
				CLANG_WARN_STRICT_PROTOTYPES = YES;
				CLANG_WARN_SUSPICIOUS_MOVE = YES;
				CLANG_WARN_UNGUARDED_AVAILABILITY = YES_AGGRESSIVE;
				CLANG_WARN_UNREACHABLE_CODE = YES;
				CLANG_WARN__DUPLICATE_METHOD_MATCH = YES;
				COPY_PHASE_STRIP = NO;
				DEBUG_INFORMATION_FORMAT = "dwarf-with-dsym";
				ENABLE_NS_ASSERTIONS = NO;
				ENABLE_STRICT_OBJC_MSGSEND = YES;
				GCC_C_LANGUAGE_STANDARD = gnu11;
				GCC_NO_COMMON_BLOCKS = YES;
				GCC_WARN_64_TO_32_BIT_CONVERSION = YES;
				GCC_WARN_ABOUT_RETURN_TYPE = YES_ERROR;
				GCC_WARN_UNDECLARED_SELECTOR = YES;
				GCC_WARN_UNINITIALIZED_AUTOS = YES_AGGRESSIVE;
				GCC_WARN_UNUSED_FUNCTION = YES;
				GCC_WARN_UNUSED_VARIABLE = YES;
				IPHONEOS_DEPLOYMENT_TARGET = 14.2;
				MTL_ENABLE_DEBUG_INFO = NO;
				MTL_FAST_MATH = YES;
				SDKROOT = iphoneos;
				VALIDATE_PRODUCT = YES;
			};
			name = Release;
		};
		17AFAFCF2578D23F00019CDD /* Debug */ = {
			isa = XCBuildConfiguration;
			buildSettings = {
				ASSETCATALOG_COMPILER_APPICON_NAME = AppIcon;
				ASSETCATALOG_COMPILER_GLOBAL_ACCENT_COLOR_NAME = AccentColor;
				CODE_SIGN_STYLE = Automatic;
				FRAMEWORK_SEARCH_PATHS = (
					"$(inherited)",
					"$(PROJECT_DIR)/Core/Libs",
				);
				INFOPLIST_FILE = UniMPDemo/Info.plist;
				IPHONEOS_DEPLOYMENT_TARGET = 9.0;
				LD_RUNPATH_SEARCH_PATHS = (
					"$(inherited)",
					"@executable_path/Frameworks",
				);
				LIBRARY_SEARCH_PATHS = (
					"$(inherited)",
					"$(PROJECT_DIR)/Core/Libs",
				);
				PRODUCT_BUNDLE_IDENTIFIER = com.carefree.UniMPDemo;
				PRODUCT_NAME = "$(TARGET_NAME)";
				TARGETED_DEVICE_FAMILY = "1,2";
			};
			name = Debug;
		};
		17AFAFD02578D23F00019CDD /* Release */ = {
			isa = XCBuildConfiguration;
			buildSettings = {
				ASSETCATALOG_COMPILER_APPICON_NAME = AppIcon;
				ASSETCATALOG_COMPILER_GLOBAL_ACCENT_COLOR_NAME = AccentColor;
				CODE_SIGN_STYLE = Automatic;
				FRAMEWORK_SEARCH_PATHS = (
					"$(inherited)",
					"$(PROJECT_DIR)/Core/Libs",
				);
				INFOPLIST_FILE = UniMPDemo/Info.plist;
				IPHONEOS_DEPLOYMENT_TARGET = 9.0;
				LD_RUNPATH_SEARCH_PATHS = (
					"$(inherited)",
					"@executable_path/Frameworks",
				);
				LIBRARY_SEARCH_PATHS = (
					"$(inherited)",
					"$(PROJECT_DIR)/Core/Libs",
				);
				PRODUCT_BUNDLE_IDENTIFIER = com.carefree.UniMPDemo;
				PRODUCT_NAME = "$(TARGET_NAME)";
				TARGETED_DEVICE_FAMILY = "1,2";
			};
			name = Release;
		};
/* End XCBuildConfiguration section */

/* Begin XCConfigurationList section */
		17AFAFB02578D23D00019CDD /* Build configuration list for PBXProject "UniMPDemo" */ = {
			isa = XCConfigurationList;
			buildConfigurations = (
				17AFAFCC2578D23F00019CDD /* Debug */,
				17AFAFCD2578D23F00019CDD /* Release */,
			);
			defaultConfigurationIsVisible = 0;
			defaultConfigurationName = Release;
		};
		17AFAFCE2578D23F00019CDD /* Build configuration list for PBXNativeTarget "UniMPDemo" */ = {
			isa = XCConfigurationList;
			buildConfigurations = (
				17AFAFCF2578D23F00019CDD /* Debug */,
				17AFAFD02578D23F00019CDD /* Release */,
			);
			defaultConfigurationIsVisible = 0;
			defaultConfigurationName = Release;
		};
/* End XCConfigurationList section */
	};
	rootObject = 17AFAFAD2578D23D00019CDD /* Project object */;
}
